{
  "name": "@liqd-js/ui-kit",
  "version": "0.0.1",
  "lockfileVersion": 1,
  "requires": true,
  "dependencies": {
    "@liqd-js/ds-heap": {
      "version": "1.0.1",
      "resolved": "https://registry.npmjs.org/@liqd-js/ds-heap/-/ds-heap-1.0.1.tgz",
      "integrity": "sha512-9vHSLN82P3Np2wrDRQHebrQ6N8hwApAJSKJDXOijXGrlN7v/cv2ej6JZqGoqwb314mPtjQofJ2SJTcKS8YpQig==",
      "dev": true
    },
    "@liqd-js/fs": {
      "version": "0.0.1",
      "resolved": "https://registry.npmjs.org/@liqd-js/fs/-/fs-0.0.1.tgz",
      "integrity": "sha512-Ff9RBjoWpnB9xgyqNDVw5F9so+f4gEoepvci7TReC4INyJX+hLlDjrgnIrJAE1XTCfhAJTKMibO9Al0rbjC57g==",
      "dev": true
    },
    "@liqd-js/http-body-parser": {
      "version": "0.0.4",
      "resolved": "https://registry.npmjs.org/@liqd-js/http-body-parser/-/http-body-parser-0.0.4.tgz",
      "integrity": "sha512-dh2bqZvUBCJbfrfq9ztUQREDbBR4Bsx8kPPp+nnnZhO3KD4keZekH3ES9zmVBLFVyfyedqahwkrhcnNW8fnj8w==",
      "dev": true,
      "requires": {
        "@liqd-js/http-header-parser": "^1.0.2",
        "@liqd-js/multibuffer": "^1.1.0",
        "@liqd-js/querystring": "^1.0.0"
      }
    },
    "@liqd-js/http-header-parser": {
      "version": "1.0.2",
      "resolved": "https://registry.npmjs.org/@liqd-js/http-header-parser/-/http-header-parser-1.0.2.tgz",
      "integrity": "sha512-dXTHa2LlvtBLcJjXa4IwKE+kLiH4aD3Flc9O5dGn6FQVDHYF2AxJIWvvKgk1auU8jhlKNRuOdP1TmhTHb/P9ZQ==",
      "dev": true
    },
    "@liqd-js/i18n": {
      "version": "1.0.0",
      "resolved": "https://registry.npmjs.org/@liqd-js/i18n/-/i18n-1.0.0.tgz",
      "integrity": "sha512-i4aY6dPz5RxWTKjyXcWLHLqxfHADcgEixpb0BDxH6rLM+RBBPkaryf3f112SyqNLtl+IAXp6uS3+PT7OkoD9pg==",
      "dev": true
    },
    "@liqd-js/multibuffer": {
      "version": "1.1.0",
      "resolved": "https://registry.npmjs.org/@liqd-js/multibuffer/-/multibuffer-1.1.0.tgz",
      "integrity": "sha512-nFRGyP3tSugMoIaASOOtfvd7iORseOWou0FgFtqWiy9ez/Asf86AFXy20/Roe4yTieNVmWhcSbZ34Nqymt7vVQ==",
      "dev": true
    },
    "@liqd-js/options": {
      "version": "1.0.2",
      "resolved": "https://registry.npmjs.org/@liqd-js/options/-/options-1.0.2.tgz",
      "integrity": "sha512-59sUXr5KlTB07SKttRPJC++kCxbxkKyrBWzjhORpCm8k/DJpGC2JpCKBusNpNrRxSDyjimhjavFEhwKja9lHcQ==",
      "dev": true
    },
    "@liqd-js/parser": {
      "version": "1.0.0",
      "resolved": "https://registry.npmjs.org/@liqd-js/parser/-/parser-1.0.0.tgz",
      "integrity": "sha512-CqpuGS5w3W8uzKI+g2Vvdi/lCxGb7aaJLs0qrkwjjDoicHzmjCUSF4/poTquBdskKOJbPosTZEeq4Eu7R7wChg==",
      "dev": true
    },
    "@liqd-js/querystring": {
      "version": "1.1.0",
      "resolved": "https://registry.npmjs.org/@liqd-js/querystring/-/querystring-1.1.0.tgz",
      "integrity": "sha512-c19tZ/XtsHQq0i7lkj3SgK79F7M7VNWQqPhch+ofWQnN3nM6rQnNXI6t2j0nv5Feq1IVh/4dRTxRobvYNwYcLA==",
      "dev": true
    },
    "@liqd-js/server": {
      "version": "0.0.3",
      "resolved": "https://registry.npmjs.org/@liqd-js/server/-/server-0.0.3.tgz",
      "integrity": "sha512-6dPxjQ/RaFUGrCYFYFYWvyQdKDzMN1v2pB9ZnPo8YQQimWsE08xDjTiIfUgCCk/uqVAmbECJJ4tOv3uuHrV4YA==",
      "dev": true,
      "requires": {
        "@liqd-js/http-body-parser": "0.0.4",
        "@liqd-js/options": "^1.0.2",
        "@liqd-js/querystring": "^1.1.0",
        "@liqd-js/timed-promise": "^1.1.0",
        "@liqd-js/websocket": "^1.0.0"
      }
    },
    "@liqd-js/style": {
      "version": "1.0.3",
      "resolved": "https://registry.npmjs.org/@liqd-js/style/-/style-1.0.3.tgz",
      "integrity": "sha512-hhQyJtuVMjokU6NKVumj5ieWunUpTZzGRmhvNCObepFl2DuJoiqR7ax8YMBR05okF49vBM07lVgCI4vjoHkL0w==",
      "dev": true,
      "requires": {
        "@liqd-js/parser": "^1.0.0"
      }
    },
    "@liqd-js/template": {
      "version": "0.2.6",
      "resolved": "https://registry.npmjs.org/@liqd-js/template/-/template-0.2.6.tgz",
      "integrity": "sha512-8bxVAVo7W0Li9Ekr8FVpj/AN56kkhNP+5r95MvrZcS6fTyf4oKtvyn3wIlljiGLpIFONu7czpVCIfteGzD/aZA==",
      "dev": true,
      "requires": {
        "@liqd-js/fs": "0.0.1",
        "@liqd-js/i18n": "^1.0.0",
        "@liqd-js/parser": "^1.0.0",
        "@liqd-js/style": "^1.0.3",
        "@liqd-js/unique-id": "^1.0.1"
      }
    },
    "@liqd-js/timed-promise": {
      "version": "1.1.0",
      "resolved": "https://registry.npmjs.org/@liqd-js/timed-promise/-/timed-promise-1.1.0.tgz",
      "integrity": "sha512-nbDeP0ouNuDTpX293WaAkA2uSGUkApp9qKCs/v5VIlkQ/0UO4vQY6COvrtFoncqe3sveOGUBZ/Gg78moDv536g==",
      "dev": true
    },
    "@liqd-js/timer": {
      "version": "1.0.1",
      "resolved": "https://registry.npmjs.org/@liqd-js/timer/-/timer-1.0.1.tgz",
      "integrity": "sha512-ZefFi4XORbEx7AYZ8ToZ5NfWyMsFwfYUniHrMALHs0A4wauGtiIaVQWlSBxjEm8d9X8vyBizZjmU05zAx8kqqw==",
      "dev": true,
      "requires": {
        "@liqd-js/ds-heap": "^1.0.1"
      }
    },
    "@liqd-js/unique-id": {
      "version": "1.0.1",
      "resolved": "https://registry.npmjs.org/@liqd-js/unique-id/-/unique-id-1.0.1.tgz",
      "integrity": "sha512-lIlU0zNZhDZyxvEyCI61ApMtBd1C+zfY5QshEJSIB+hCYFScKZUB3/4pJ0fh5RZwxEfQa6JQwyimfrl6VrHtng==",
      "dev": true,
      "requires": {
        "@liqd-js/options": "^1.0.1"
      }
    },
    "@liqd-js/websocket": {
      "version": "1.0.0",
      "resolved": "https://registry.npmjs.org/@liqd-js/websocket/-/websocket-1.0.0.tgz",
      "integrity": "sha512-CJFTL/fJtIWrl/uoVSMk1dqjMK9InbcXuXCaeOxLhVTL6Ju+l2L3ejYBC4G5EyGjR70ag0S85sZXXpxaobD9cQ==",
      "dev": true,
      "requires": {
        "@liqd-js/multibuffer": "^1.0.2",
        "@liqd-js/options": "^1.0.1",
        "@liqd-js/querystring": "^1.0.0",
        "@liqd-js/timer": "^1.0.1"
      }
    }
  }
}
